
Microsoft Visual Studio Solution File, Format Version 12.00
# Visual Studio 15
VisualStudioVersion = 15.0.28307.852
MinimumVisualStudioVersion = 10.0.40219.1
Project("{8BC9CEB8-8B4A-11D0-8D11-00A0C91BC942}") = "VS", "VS\VS.vcxproj", "{5DF33A60-3DB4-4FBC-BD1D-6E9338F9032F}"
EndProject
Global
	GlobalSection(SolutionConfigurationPlatforms) = preSolution
		ProjOK|x86 = ProjOK|x86
	EndGlobalSection
	GlobalSection(ProjectConfigurationPlatforms) = postSolution
		{5DF33A60-3DB4-4FBC-BD1D-6E9338F9032F}.ProjOK|x86.ActiveCfg = Debug|Win32
		{5DF33A60-3DB4-4FBC-BD1D-6E9338F9032F}.ProjOK|x86.Build.0 = Debug|Win32
	EndGlobalSection
	GlobalSection(SolutionProperties) = preSolution
		HideSolutionNode = FALSE
	EndGlobalSection
	GlobalSection(ExtensibilityGlobals) = postSolution
		SolutionGuid = {E8061C65-AD8C-4E5C-AA4B-947B3A8FDDA4}
	EndGlobalSection
EndGlobal
